// !$*UTF8*$!
{
	archiveVersion = 1;
	classes = {
	};
	objectVersion = 50;
	objects = {

/* Begin PBXBuildFile section */
		DD46FE8D2189B7960074AD8C /* AppDelegate.swift in Sources */ = {isa = PBXBuildFile; fileRef = DD46FE8C2189B7960074AD8C /* AppDelegate.swift */; };
		DD46FE942189B7970074AD8C /* Assets.xcassets in Resources */ = {isa = PBXBuildFile; fileRef = DD46FE932189B7970074AD8C /* Assets.xcassets */; };
		DD46FE972189B7970074AD8C /* LaunchScreen.storyboard in Resources */ = {isa = PBXBuildFile; fileRef = DD46FE952189B7970074AD8C /* LaunchScreen.storyboard */; };
		DD46FEA22189B7970074AD8C /* TabBarTests.swift in Sources */ = {isa = PBXBuildFile; fileRef = DD46FEA12189B7970074AD8C /* TabBarTests.swift */; };
		DD46FEAD2189B7970074AD8C /* TabBarUITests.swift in Sources */ = {isa = PBXBuildFile; fileRef = DD46FEAC2189B7970074AD8C /* TabBarUITests.swift */; };
		DD46FEC02189BF7E0074AD8C /* ChatViewController.swift in Sources */ = {isa = PBXBuildFile; fileRef = DD46FEBE2189BF7E0074AD8C /* ChatViewController.swift */; };
		DD46FEC12189BF7E0074AD8C /* ChatViewController.xib in Resources */ = {isa = PBXBuildFile; fileRef = DD46FEBF2189BF7E0074AD8C /* ChatViewController.xib */; };
		DD46FEC42189BF940074AD8C /* SettingsViewController.swift in Sources */ = {isa = PBXBuildFile; fileRef = DD46FEC22189BF940074AD8C /* SettingsViewController.swift */; };
		DD46FEC52189BF940074AD8C /* SettingsViewController.xib in Resources */ = {isa = PBXBuildFile; fileRef = DD46FEC32189BF940074AD8C /* SettingsViewController.xib */; };
		DD46FEC82189BFA20074AD8C /* UserViewController.swift in Sources */ = {isa = PBXBuildFile; fileRef = DD46FEC62189BFA20074AD8C /* UserViewController.swift */; };
		DD46FEC92189BFA20074AD8C /* UserViewController.xib in Resources */ = {isa = PBXBuildFile; fileRef = DD46FEC72189BFA20074AD8C /* UserViewController.xib */; };
/* End PBXBuildFile section */

/* Begin PBXContainerItemProxy section */
		DD46FE9E2189B7970074AD8C /* PBXContainerItemProxy */ = {
			isa = PBXContainerItemProxy;
			containerPortal = DD46FE812189B7960074AD8C /* Project object */;
			proxyType = 1;
			remoteGlobalIDString = DD46FE882189B7960074AD8C;
			remoteInfo = TabBar;
		};
		DD46FEA92189B7970074AD8C /* PBXContainerItemProxy */ = {
			isa = PBXContainerItemProxy;
			containerPortal = DD46FE812189B7960074AD8C /* Project object */;
			proxyType = 1;
			remoteGlobalIDString = DD46FE882189B7960074AD8C;
			remoteInfo = TabBar;
		};
/* End PBXContainerItemProxy section */

/* Begin PBXFileReference section */
		DD46FE892189B7960074AD8C /* TabBar.app */ = {isa = PBXFileReference; explicitFileType = wrapper.application; includeInIndex = 0; path = TabBar.app; sourceTree = BUILT_PRODUCTS_DIR; };
		DD46FE8C2189B7960074AD8C /* AppDelegate.swift */ = {isa = PBXFileReference; lastKnownFileType = sourcecode.swift; path = AppDelegate.swift; sourceTree = "<group>"; };
		DD46FE932189B7970074AD8C /* Assets.xcassets */ = {isa = PBXFileReference; lastKnownFileType = folder.assetcatalog; path = Assets.xcassets; sourceTree = "<group>"; };
		DD46FE962189B7970074AD8C /* Base */ = {isa = PBXFileReference; lastKnownFileType = file.storyboard; name = Base; path = Base.lproj/LaunchScreen.storyboard; sourceTree = "<group>"; };
		DD46FE982189B7970074AD8C /* Info.plist */ = {isa = PBXFileReference; lastKnownFileType = text.plist.xml; path = Info.plist; sourceTree = "<group>"; };
		DD46FE9D2189B7970074AD8C /* TabBarTests.xctest */ = {isa = PBXFileReference; explicitFileType = wrapper.cfbundle; includeInIndex = 0; path = TabBarTests.xctest; sourceTree = BUILT_PRODUCTS_DIR; };
		DD46FEA12189B7970074AD8C /* TabBarTests.swift */ = {isa = PBXFileReference; lastKnownFileType = sourcecode.swift; path = TabBarTests.swift; sourceTree = "<group>"; };
		DD46FEA32189B7970074AD8C /* Info.plist */ = {isa = PBXFileReference; lastKnownFileType = text.plist.xml; path = Info.plist; sourceTree = "<group>"; };
		DD46FEA82189B7970074AD8C /* TabBarUITests.xctest */ = {isa = PBXFileReference; explicitFileType = wrapper.cfbundle; includeInIndex = 0; path = TabBarUITests.xctest; sourceTree = BUILT_PRODUCTS_DIR; };
		DD46FEAC2189B7970074AD8C /* TabBarUITests.swift */ = {isa = PBXFileReference; lastKnownFileType = sourcecode.swift; path = TabBarUITests.swift; sourceTree = "<group>"; };
		DD46FEAE2189B7970074AD8C /* Info.plist */ = {isa = PBXFileReference; lastKnownFileType = text.plist.xml; path = Info.plist; sourceTree = "<group>"; };
		DD46FEBE2189BF7E0074AD8C /* ChatViewController.swift */ = {isa = PBXFileReference; lastKnownFileType = sourcecode.swift; path = ChatViewController.swift; sourceTree = "<group>"; };
		DD46FEBF2189BF7E0074AD8C /* ChatViewController.xib */ = {isa = PBXFileReference; lastKnownFileType = file.xib; path = ChatViewController.xib; sourceTree = "<group>"; };
		DD46FEC22189BF940074AD8C /* SettingsViewController.swift */ = {isa = PBXFileReference; lastKnownFileType = sourcecode.swift; path = SettingsViewController.swift; sourceTree = "<group>"; };
		DD46FEC32189BF940074AD8C /* SettingsViewController.xib */ = {isa = PBXFileReference; lastKnownFileType = file.xib; path = SettingsViewController.xib; sourceTree = "<group>"; };
		DD46FEC62189BFA20074AD8C /* UserViewController.swift */ = {isa = PBXFileReference; lastKnownFileType = sourcecode.swift; path = UserViewController.swift; sourceTree = "<group>"; };
		DD46FEC72189BFA20074AD8C /* UserViewController.xib */ = {isa = PBXFileReference; lastKnownFileType = file.xib; path = UserViewController.xib; sourceTree = "<group>"; };
/* End PBXFileReference section */

/* Begin PBXFrameworksBuildPhase section */
		DD46FE862189B7960074AD8C /* Frameworks */ = {
			isa = PBXFrameworksBuildPhase;
			buildActionMask = 2147483647;
			files = (
			);
			runOnlyForDeploymentPostprocessing = 0;
		};
		DD46FE9A2189B7970074AD8C /* Frameworks */ = {
			isa = PBXFrameworksBuildPhase;
			buildActionMask = 2147483647;
			files = (
			);
			runOnlyForDeploymentPostprocessing = 0;
		};
		DD46FEA52189B7970074AD8C /* Frameworks */ = {
			isa = PBXFrameworksBuildPhase;
			buildActionMask = 2147483647;
			files = (
			);
			runOnlyForDeploymentPostprocessing = 0;
		};
/* End PBXFrameworksBuildPhase section */

/* Begin PBXGroup section */
		DD46FE802189B7960074AD8C = {
			isa = PBXGroup;
			children = (
				DD46FE8B2189B7960074AD8C /* TabBar */,
				DD46FEA02189B7970074AD8C /* TabBarTests */,
				DD46FEAB2189B7970074AD8C /* TabBarUITests */,
				DD46FE8A2189B7960074AD8C /* Products */,
			);
			sourceTree = "<group>";
		};
		DD46FE8A2189B7960074AD8C /* Products */ = {
			isa = PBXGroup;
			children = (
				DD46FE892189B7960074AD8C /* TabBar.app */,
				DD46FE9D2189B7970074AD8C /* TabBarTests.xctest */,
				DD46FEA82189B7970074AD8C /* TabBarUITests.xctest */,
			);
			name = Products;
			sourceTree = "<group>";
		};
		DD46FE8B2189B7960074AD8C /* TabBar */ = {
			isa = PBXGroup;
			children = (
				DD46FEBD2189BF480074AD8C /* ViewControllers */,
				DD46FE8C2189B7960074AD8C /* AppDelegate.swift */,
				DD46FE932189B7970074AD8C /* Assets.xcassets */,
				DD46FE952189B7970074AD8C /* LaunchScreen.storyboard */,
				DD46FE982189B7970074AD8C /* Info.plist */,
			);
			path = TabBar;
			sourceTree = "<group>";
		};
		DD46FEA02189B7970074AD8C /* TabBarTests */ = {
			isa = PBXGroup;
			children = (
				DD46FEA12189B7970074AD8C /* TabBarTests.swift */,
				DD46FEA32189B7970074AD8C /* Info.plist */,
			);
			path = TabBarTests;
			sourceTree = "<group>";
		};
		DD46FEAB2189B7970074AD8C /* TabBarUITests */ = {
			isa = PBXGroup;
			children = (
				DD46FEAC2189B7970074AD8C /* TabBarUITests.swift */,
				DD46FEAE2189B7970074AD8C /* Info.plist */,
			);
			path = TabBarUITests;
			sourceTree = "<group>";
		};
		DD46FEBA2189BEF20074AD8C /* ChatViewController */ = {
			isa = PBXGroup;
			children = (
				DD46FEBE2189BF7E0074AD8C /* ChatViewController.swift */,
				DD46FEBF2189BF7E0074AD8C /* ChatViewController.xib */,
			);
			path = ChatViewController;
			sourceTree = "<group>";
		};
		DD46FEBB2189BF110074AD8C /* SettingsViewController */ = {
			isa = PBXGroup;
			children = (
				DD46FEC22189BF940074AD8C /* SettingsViewController.swift */,
				DD46FEC32189BF940074AD8C /* SettingsViewController.xib */,
			);
			path = SettingsViewController;
			sourceTree = "<group>";
		};
		DD46FEBC2189BF220074AD8C /* UserViewController */ = {
			isa = PBXGroup;
			children = (
				DD46FEC62189BFA20074AD8C /* UserViewController.swift */,
				DD46FEC72189BFA20074AD8C /* UserViewController.xib */,
			);
			path = UserViewController;
			sourceTree = "<group>";
		};
		DD46FEBD2189BF480074AD8C /* ViewControllers */ = {
			isa = PBXGroup;
			children = (
				DD46FEBA2189BEF20074AD8C /* ChatViewController */,
				DD46FEBB2189BF110074AD8C /* SettingsViewController */,
				DD46FEBC2189BF220074AD8C /* UserViewController */,
			);
			path = ViewControllers;
			sourceTree = "<group>";
		};
/* End PBXGroup section */

/* Begin PBXNativeTarget section */
		DD46FE882189B7960074AD8C /* TabBar */ = {
			isa = PBXNativeTarget;
			buildConfigurationList = DD46FEB12189B7970074AD8C /* Build configuration list for PBXNativeTarget "TabBar" */;
			buildPhases = (
				DD46FE852189B7960074AD8C /* Sources */,
				DD46FE862189B7960074AD8C /* Frameworks */,
				DD46FE872189B7960074AD8C /* Resources */,
			);
			buildRules = (
			);
			dependencies = (
			);
			name = TabBar;
			productName = TabBar;
			productReference = DD46FE892189B7960074AD8C /* TabBar.app */;
			productType = "com.apple.product-type.application";
		};
		DD46FE9C2189B7970074AD8C /* TabBarTests */ = {
			isa = PBXNativeTarget;
			buildConfigurationList = DD46FEB42189B7970074AD8C /* Build configuration list for PBXNativeTarget "TabBarTests" */;
			buildPhases = (
				DD46FE992189B7970074AD8C /* Sources */,
				DD46FE9A2189B7970074AD8C /* Frameworks */,
				DD46FE9B2189B7970074AD8C /* Resources */,
			);
			buildRules = (
			);
			dependencies = (
				DD46FE9F2189B7970074AD8C /* PBXTargetDependency */,
			);
			name = TabBarTests;
			productName = TabBarTests;
			productReference = DD46FE9D2189B7970074AD8C /* TabBarTests.xctest */;
			productType = "com.apple.product-type.bundle.unit-test";
		};
		DD46FEA72189B7970074AD8C /* TabBarUITests */ = {
			isa = PBXNativeTarget;
			buildConfigurationList = DD46FEB72189B7970074AD8C /* Build configuration list for PBXNativeTarget "TabBarUITests" */;
			buildPhases = (
				DD46FEA42189B7970074AD8C /* Sources */,
				DD46FEA52189B7970074AD8C /* Frameworks */,
				DD46FEA62189B7970074AD8C /* Resources */,
			);
			buildRules = (
			);
			dependencies = (
				DD46FEAA2189B7970074AD8C /* PBXTargetDependency */,
			);
			name = TabBarUITests;
			productName = TabBarUITests;
			productReference = DD46FEA82189B7970074AD8C /* TabBarUITests.xctest */;
			productType = "com.apple.product-type.bundle.ui-testing";
		};
/* End PBXNativeTarget section */

/* Begin PBXProject section */
		DD46FE812189B7960074AD8C /* Project object */ = {
			isa = PBXProject;
			attributes = {
				LastSwiftUpdateCheck = 0930;
				LastUpgradeCheck = 0930;
				ORGANIZATIONNAME = "SEBASTIÁN TANGARIFE ACERO";
				TargetAttributes = {
					DD46FE882189B7960074AD8C = {
						CreatedOnToolsVersion = 9.3;
					};
					DD46FE9C2189B7970074AD8C = {
						CreatedOnToolsVersion = 9.3;
						TestTargetID = DD46FE882189B7960074AD8C;
					};
					DD46FEA72189B7970074AD8C = {
						CreatedOnToolsVersion = 9.3;
						TestTargetID = DD46FE882189B7960074AD8C;
					};
				};
			};
			buildConfigurationList = DD46FE842189B7960074AD8C /* Build configuration list for PBXProject "TabBar" */;
			compatibilityVersion = "Xcode 9.3";
			developmentRegion = en;
			hasScannedForEncodings = 0;
			knownRegions = (
				en,
				Base,
			);
			mainGroup = DD46FE802189B7960074AD8C;
			productRefGroup = DD46FE8A2189B7960074AD8C /* Products */;
			projectDirPath = "";
			projectRoot = "";
			targets = (
				DD46FE882189B7960074AD8C /* TabBar */,
				DD46FE9C2189B7970074AD8C /* TabBarTests */,
				DD46FEA72189B7970074AD8C /* TabBarUITests */,
			);
		};
/* End PBXProject section */

/* Begin PBXResourcesBuildPhase section */
		DD46FE872189B7960074AD8C /* Resources */ = {
			isa = PBXResourcesBuildPhase;
			buildActionMask = 2147483647;
			files = (
				DD46FE972189B7970074AD8C /* LaunchScreen.storyboard in Resources */,
				DD46FEC92189BFA20074AD8C /* UserViewController.xib in Resources */,
				DD46FE942189B7970074AD8C /* Assets.xcassets in Resources */,
				DD46FEC12189BF7E0074AD8C /* ChatViewController.xib in Resources */,
				DD46FEC52189BF940074AD8C /* SettingsViewController.xib in Resources */,
			);
			runOnlyForDeploymentPostprocessing = 0;
		};
		DD46FE9B2189B7970074AD8C /* Resources */ = {
			isa = PBXResourcesBuildPhase;
			buildActionMask = 2147483647;
			files = (
			);
			runOnlyForDeploymentPostprocessing = 0;
		};
		DD46FEA62189B7970074AD8C /* Resources */ = {
			isa = PBXResourcesBuildPhase;
			buildActionMask = 2147483647;
			files = (
			);
			runOnlyForDeploymentPostprocessing = 0;
		};
/* End PBXResourcesBuildPhase section */

/* Begin PBXSourcesBuildPhase section */
		DD46FE852189B7960074AD8C /* Sources */ = {
			isa = PBXSourcesBuildPhase;
			buildActionMask = 2147483647;
			files = (
				DD46FEC82189BFA20074AD8C /* UserViewController.swift in Sources */,
				DD46FEC02189BF7E0074AD8C /* ChatViewController.swift in Sources */,
				DD46FE8D2189B7960074AD8C /* AppDelegate.swift in Sources */,
				DD46FEC42189BF940074AD8C /* SettingsViewController.swift in Sources */,
			);
			runOnlyForDeploymentPostprocessing = 0;
		};
		DD46FE992189B7970074AD8C /* Sources */ = {
			isa = PBXSourcesBuildPhase;
			buildActionMask = 2147483647;
			files = (
				DD46FEA22189B7970074AD8C /* TabBarTests.swift in Sources */,
			);
			runOnlyForDeploymentPostprocessing = 0;
		};
		DD46FEA42189B7970074AD8C /* Sources */ = {
			isa = PBXSourcesBuildPhase;
			buildActionMask = 2147483647;
			files = (
				DD46FEAD2189B7970074AD8C /* TabBarUITests.swift in Sources */,
			);
			runOnlyForDeploymentPostprocessing = 0;
		};
/* End PBXSourcesBuildPhase section */

/* Begin PBXTargetDependency section */
		DD46FE9F2189B7970074AD8C /* PBXTargetDependency */ = {
			isa = PBXTargetDependency;
			target = DD46FE882189B7960074AD8C /* TabBar */;
			targetProxy = DD46FE9E2189B7970074AD8C /* PBXContainerItemProxy */;
		};
		DD46FEAA2189B7970074AD8C /* PBXTargetDependency */ = {
			isa = PBXTargetDependency;
			target = DD46FE882189B7960074AD8C /* TabBar */;
			targetProxy = DD46FEA92189B7970074AD8C /* PBXContainerItemProxy */;
		};
/* End PBXTargetDependency section */

/* Begin PBXVariantGroup section */
		DD46FE952189B7970074AD8C /* LaunchScreen.storyboard */ = {
			isa = PBXVariantGroup;
			children = (
				DD46FE962189B7970074AD8C /* Base */,
			);
			name = LaunchScreen.storyboard;
			sourceTree = "<group>";
		};
/* End PBXVariantGroup section */

/* Begin XCBuildConfiguration section */
		DD46FEAF2189B7970074AD8C /* Debug */ = {
			isa = XCBuildConfiguration;
			buildSettings = {
				ALWAYS_SEARCH_USER_PATHS = NO;
				CLANG_ANALYZER_NONNULL = YES;
				CLANG_ANALYZER_NUMBER_OBJECT_CONVERSION = YES_AGGRESSIVE;
				CLANG_CXX_LANGUAGE_STANDARD = "gnu++14";
				CLANG_CXX_LIBRARY = "libc++";
				CLANG_ENABLE_MODULES = YES;
				CLANG_ENABLE_OBJC_ARC = YES;
				CLANG_ENABLE_OBJC_WEAK = YES;
				CLANG_WARN_BLOCK_CAPTURE_AUTORELEASING = YES;
				CLANG_WARN_BOOL_CONVERSION = YES;
				CLANG_WARN_COMMA = YES;
				CLANG_WARN_CONSTANT_CONVERSION = YES;
				CLANG_WARN_DEPRECATED_OBJC_IMPLEMENTATIONS = YES;
				CLANG_WARN_DIRECT_OBJC_ISA_USAGE = YES_ERROR;
				CLANG_WARN_DOCUMENTATION_COMMENTS = YES;
				CLANG_WARN_EMPTY_BODY = YES;
				CLANG_WARN_ENUM_CONVERSION = YES;
				CLANG_WARN_INFINITE_RECURSION = YES;
				CLANG_WARN_INT_CONVERSION = YES;
				CLANG_WARN_NON_LITERAL_NULL_CONVERSION = YES;
				CLANG_WARN_OBJC_IMPLICIT_RETAIN_SELF = YES;
				CLANG_WARN_OBJC_LITERAL_CONVERSION = YES;
				CLANG_WARN_OBJC_ROOT_CLASS = YES_ERROR;
				CLANG_WARN_RANGE_LOOP_ANALYSIS = YES;
				CLANG_WARN_STRICT_PROTOTYPES = YES;
				CLANG_WARN_SUSPICIOUS_MOVE = YES;
				CLANG_WARN_UNGUARDED_AVAILABILITY = YES_AGGRESSIVE;
				CLANG_WARN_UNREACHABLE_CODE = YES;
				CLANG_WARN__DUPLICATE_METHOD_MATCH = YES;
				CODE_SIGN_IDENTITY = "iPhone Developer";
				COPY_PHASE_STRIP = NO;
				DEBUG_INFORMATION_FORMAT = dwarf;
				ENABLE_STRICT_OBJC_MSGSEND = YES;
				ENABLE_TESTABILITY = YES;
				GCC_C_LANGUAGE_STANDARD = gnu11;
				GCC_DYNAMIC_NO_PIC = NO;
				GCC_NO_COMMON_BLOCKS = YES;
				GCC_OPTIMIZATION_LEVEL = 0;
				GCC_PREPROCESSOR_DEFINITIONS = (
					"DEBUG=1",
					"$(inherited)",
				);
				GCC_WARN_64_TO_32_BIT_CONVERSION = YES;
				GCC_WARN_ABOUT_RETURN_TYPE = YES_ERROR;
				GCC_WARN_UNDECLARED_SELECTOR = YES;
				GCC_WARN_UNINITIALIZED_AUTOS = YES_AGGRESSIVE;
				GCC_WARN_UNUSED_FUNCTION = YES;
				GCC_WARN_UNUSED_VARIABLE = YES;
				IPHONEOS_DEPLOYMENT_TARGET = 11.3;
				MTL_ENABLE_DEBUG_INFO = YES;
				ONLY_ACTIVE_ARCH = YES;
				SDKROOT = iphoneos;
				SWIFT_ACTIVE_COMPILATION_CONDITIONS = DEBUG;
				SWIFT_OPTIMIZATION_LEVEL = "-Onone";
			};
			name = Debug;
		};
		DD46FEB02189B7970074AD8C /* Release */ = {
			isa = XCBuildConfiguration;
			buildSettings = {
				ALWAYS_SEARCH_USER_PATHS = NO;
				CLANG_ANALYZER_NONNULL = YES;
				CLANG_ANALYZER_NUMBER_OBJECT_CONVERSION = YES_AGGRESSIVE;
				CLANG_CXX_LANGUAGE_STANDARD = "gnu++14";
				CLANG_CXX_LIBRARY = "libc++";
				CLANG_ENABLE_MODULES = YES;
				CLANG_ENABLE_OBJC_ARC = YES;
				CLANG_ENABLE_OBJC_WEAK = YES;
				CLANG_WARN_BLOCK_CAPTURE_AUTORELEASING = YES;
				CLANG_WARN_BOOL_CONVERSION = YES;
				CLANG_WARN_COMMA = YES;
				CLANG_WARN_CONSTANT_CONVERSION = YES;
				CLANG_WARN_DEPRECATED_OBJC_IMPLEMENTATIONS = YES;
				CLANG_WARN_DIRECT_OBJC_ISA_USAGE = YES_ERROR;
				CLANG_WARN_DOCUMENTATION_COMMENTS = YES;
				CLANG_WARN_EMPTY_BODY = YES;
				CLANG_WARN_ENUM_CONVERSION = YES;
				CLANG_WARN_INFINITE_RECURSION = YES;
				CLANG_WARN_INT_CONVERSION = YES;
				CLANG_WARN_NON_LITERAL_NULL_CONVERSION = YES;
				CLANG_WARN_OBJC_IMPLICIT_RETAIN_SELF = YES;
				CLANG_WARN_OBJC_LITERAL_CONVERSION = YES;
				CLANG_WARN_OBJC_ROOT_CLASS = YES_ERROR;
				CLANG_WARN_RANGE_LOOP_ANALYSIS = YES;
				CLANG_WARN_STRICT_PROTOTYPES = YES;
				CLANG_WARN_SUSPICIOUS_MOVE = YES;
				CLANG_WARN_UNGUARDED_AVAILABILITY = YES_AGGRESSIVE;
				CLANG_WARN_UNREACHABLE_CODE = YES;
				CLANG_WARN__DUPLICATE_METHOD_MATCH = YES;
				CODE_SIGN_IDENTITY = "iPhone Developer";
				COPY_PHASE_STRIP = NO;
				DEBUG_INFORMATION_FORMAT = "dwarf-with-dsym";
				ENABLE_NS_ASSERTIONS = NO;
				ENABLE_STRICT_OBJC_MSGSEND = YES;
				GCC_C_LANGUAGE_STANDARD = gnu11;
				GCC_NO_COMMON_BLOCKS = YES;
				GCC_WARN_64_TO_32_BIT_CONVERSION = YES;
				GCC_WARN_ABOUT_RETURN_TYPE = YES_ERROR;
				GCC_WARN_UNDECLARED_SELECTOR = YES;
				GCC_WARN_UNINITIALIZED_AUTOS = YES_AGGRESSIVE;
				GCC_WARN_UNUSED_FUNCTION = YES;
				GCC_WARN_UNUSED_VARIABLE = YES;
				IPHONEOS_DEPLOYMENT_TARGET = 11.3;
				MTL_ENABLE_DEBUG_INFO = NO;
				SDKROOT = iphoneos;
				SWIFT_COMPILATION_MODE = wholemodule;
				SWIFT_OPTIMIZATION_LEVEL = "-O";
				VALIDATE_PRODUCT = YES;
			};
			name = Release;
		};
		DD46FEB22189B7970074AD8C /* Debug */ = {
			isa = XCBuildConfiguration;
			buildSettings = {
				ASSETCATALOG_COMPILER_APPICON_NAME = AppIcon;
				CODE_SIGN_STYLE = Automatic;
				INFOPLIST_FILE = TabBar/Info.plist;
				LD_RUNPATH_SEARCH_PATHS = (
					"$(inherited)",
					"@executable_path/Frameworks",
				);
				PRODUCT_BUNDLE_IDENTIFIER = milw0rm.TabBar;
				PRODUCT_NAME = "$(TARGET_NAME)";
				SWIFT_VERSION = 4.0;
				TARGETED_DEVICE_FAMILY = "1,2";
			};
			name = Debug;
		};
		DD46FEB32189B7970074AD8C /* Release */ = {
			isa = XCBuildConfiguration;
			buildSettings = {
				ASSETCATALOG_COMPILER_APPICON_NAME = AppIcon;
				CODE_SIGN_STYLE = Automatic;
				INFOPLIST_FILE = TabBar/Info.plist;
				LD_RUNPATH_SEARCH_PATHS = (
					"$(inherited)",
					"@executable_path/Frameworks",
				);
				PRODUCT_BUNDLE_IDENTIFIER = milw0rm.TabBar;
				PRODUCT_NAME = "$(TARGET_NAME)";
				SWIFT_VERSION = 4.0;
				TARGETED_DEVICE_FAMILY = "1,2";
			};
			name = Release;
		};
		DD46FEB52189B7970074AD8C /* Debug */ = {
			isa = XCBuildConfiguration;
			buildSettings = {
				ALWAYS_EMBED_SWIFT_STANDARD_LIBRARIES = YES;
				BUNDLE_LOADER = "$(TEST_HOST)";
				CODE_SIGN_STYLE = Automatic;
				INFOPLIST_FILE = TabBarTests/Info.plist;
				LD_RUNPATH_SEARCH_PATHS = (
					"$(inherited)",
					"@executable_path/Frameworks",
					"@loader_path/Frameworks",
				);
				PRODUCT_BUNDLE_IDENTIFIER = milw0rm.TabBarTests;
				PRODUCT_NAME = "$(TARGET_NAME)";
				SWIFT_VERSION = 4.0;
				TARGETED_DEVICE_FAMILY = "1,2";
				TEST_HOST = "$(BUILT_PRODUCTS_DIR)/TabBar.app/TabBar";
			};
			name = Debug;
		};
		DD46FEB62189B7970074AD8C /* Release */ = {
			isa = XCBuildConfiguration;
			buildSettings = {
				ALWAYS_EMBED_SWIFT_STANDARD_LIBRARIES = YES;
				BUNDLE_LOADER = "$(TEST_HOST)";
				CODE_SIGN_STYLE = Automatic;
				INFOPLIST_FILE = TabBarTests/Info.plist;
				LD_RUNPATH_SEARCH_PATHS = (
					"$(inherited)",
					"@executable_path/Frameworks",
					"@loader_path/Frameworks",
				);
				PRODUCT_BUNDLE_IDENTIFIER = milw0rm.TabBarTests;
				PRODUCT_NAME = "$(TARGET_NAME)";
				SWIFT_VERSION = 4.0;
				TARGETED_DEVICE_FAMILY = "1,2";
				TEST_HOST = "$(BUILT_PRODUCTS_DIR)/TabBar.app/TabBar";
			};
			name = Release;
		};
		DD46FEB82189B7970074AD8C /* Debug */ = {
			isa = XCBuildConfiguration;
			buildSettings = {
				ALWAYS_EMBED_SWIFT_STANDARD_LIBRARIES = YES;
				CODE_SIGN_STYLE = Automatic;
				INFOPLIST_FILE = TabBarUITests/Info.plist;
				LD_RUNPATH_SEARCH_PATHS = (
					"$(inherited)",
					"@executable_path/Frameworks",
					"@loader_path/Frameworks",
				);
				PRODUCT_BUNDLE_IDENTIFIER = milw0rm.TabBarUITests;
				PRODUCT_NAME = "$(TARGET_NAME)";
				SWIFT_VERSION = 4.0;
				TARGETED_DEVICE_FAMILY = "1,2";
				TEST_TARGET_NAME = TabBar;
			};
			name = Debug;
		};
		DD46FEB92189B7970074AD8C /* Release */ = {
			isa = XCBuildConfiguration;
			buildSettings = {
				ALWAYS_EMBED_SWIFT_STANDARD_LIBRARIES = YES;
				CODE_SIGN_STYLE = Automatic;
				INFOPLIST_FILE = TabBarUITests/Info.plist;
				LD_RUNPATH_SEARCH_PATHS = (
					"$(inherited)",
					"@executable_path/Frameworks",
					"@loader_path/Frameworks",
				);
				PRODUCT_BUNDLE_IDENTIFIER = milw0rm.TabBarUITests;
				PRODUCT_NAME = "$(TARGET_NAME)";
				SWIFT_VERSION = 4.0;
				TARGETED_DEVICE_FAMILY = "1,2";
				TEST_TARGET_NAME = TabBar;
			};
			name = Release;
		};
/* End XCBuildConfiguration section */

/* Begin XCConfigurationList section */
		DD46FE842189B7960074AD8C /* Build configuration list for PBXProject "TabBar" */ = {
			isa = XCConfigurationList;
			buildConfigurations = (
				DD46FEAF2189B7970074AD8C /* Debug */,
				DD46FEB02189B7970074AD8C /* Release */,
			);
			defaultConfigurationIsVisible = 0;
			defaultConfigurationName = Release;
		};
		DD46FEB12189B7970074AD8C /* Build configuration list for PBXNativeTarget "TabBar" */ = {
			isa = XCConfigurationList;
			buildConfigurations = (
				DD46FEB22189B7970074AD8C /* Debug */,
				DD46FEB32189B7970074AD8C /* Release */,
			);
			defaultConfigurationIsVisible = 0;
			defaultConfigurationName = Release;
		};
		DD46FEB42189B7970074AD8C /* Build configuration list for PBXNativeTarget "TabBarTests" */ = {
			isa = XCConfigurationList;
			buildConfigurations = (
				DD46FEB52189B7970074AD8C /* Debug */,
				DD46FEB62189B7970074AD8C /* Release */,
			);
			defaultConfigurationIsVisible = 0;
			defaultConfigurationName = Release;
		};
		DD46FEB72189B7970074AD8C /* Build configuration list for PBXNativeTarget "TabBarUITests" */ = {
			isa = XCConfigurationList;
			buildConfigurations = (
				DD46FEB82189B7970074AD8C /* Debug */,
				DD46FEB92189B7970074AD8C /* Release */,
			);
			defaultConfigurationIsVisible = 0;
			defaultConfigurationName = Release;
		};
/* End XCConfigurationList section */
	};
	rootObject = DD46FE812189B7960074AD8C /* Project object */;
}
